{
  "name": "@reach/monorepo",
  "version": "0.1.0",
  "lockfileVersion": 3,
  "requires": true,
  "packages": {
    "": {
      "name": "@reach/monorepo",
      "version": "0.1.0",
      "workspaces": [
        "packages/*"
      ],
      "devDependencies": {
        "@types/node": "^20.19.23",
        "typescript": "^5.9.3"
      },
      "engines": {
        "node": ">=20.0.0",
        "npm": ">=10.0.0"
      }
    },
    "node_modules/@reach/cli": {
      "resolved": "packages/cli",
      "link": true
    },
    "node_modules/@reach/core": {
      "resolved": "packages/core",
      "link": true
    },
    "node_modules/@reach/electron": {
      "resolved": "packages/electron",
      "link": true
    },
    "node_modules/@reach/mcp-client": {
      "resolved": "packages/mcp-client",
      "link": true
    },
    "node_modules/@reach/memory": {
      "resolved": "packages/memory",
      "link": true
    },
    "node_modules/@reach/voice": {
      "resolved": "packages/voice",
      "link": true
    },
    "node_modules/@types/node": {
      "version": "20.19.23",
      "resolved": "https://registry.npmjs.org/@types/node/-/node-20.19.23.tgz",
      "integrity": "sha512-yIdlVVVHXpmqRhtyovZAcSy0MiPcYWGkoO4CGe/+jpP0hmNuihm4XhHbADpK++MsiLHP5MVlv+bcgdF99kSiFQ==",
      "dev": true,
      "license": "MIT",
      "dependencies": {
        "undici-types": "~6.21.0"
      }
    },
    "node_modules/typescript": {
      "version": "5.9.3",
      "resolved": "https://registry.npmjs.org/typescript/-/typescript-5.9.3.tgz",
      "integrity": "sha512-jl1vZzPDinLr9eUt3J/t7V6FgNEw9QjvBPdysz9KfQDD41fQrC2Y4vKQdiaUpFT4bXlb1RHhLpp8wtm6M5TgSw==",
      "dev": true,
      "license": "Apache-2.0",
      "bin": {
        "tsc": "bin/tsc",
        "tsserver": "bin/tsserver"
      },
      "engines": {
        "node": ">=14.17"
      }
    },
    "node_modules/undici-types": {
      "version": "6.21.0",
      "resolved": "https://registry.npmjs.org/undici-types/-/undici-types-6.21.0.tgz",
      "integrity": "sha512-iwDZqg0QAGrg9Rav5H4n0M64c3mkR59cJ6wQp+7C4nI0gsmExaedaYLNO44eT4AtBBwjbTiGPMlt2Md0T9H9JQ==",
      "dev": true,
      "license": "MIT"
    },
    "packages/cli": {
      "name": "@reach/cli",
      "version": "0.1.0",
      "license": "MIT",
      "dependencies": {
        "@reach/core": "*"
      },
      "bin": {
        "reach": "dist/index.js"
      },
      "devDependencies": {
        "@types/node": "^20.10.0",
        "typescript": "^5.3.3"
      }
    },
    "packages/core": {
      "name": "@reach/core",
      "version": "0.1.0",
      "license": "MIT",
      "devDependencies": {
        "@types/node": "^20.10.0",
        "typescript": "^5.3.3"
      }
    },
    "packages/electron": {
      "name": "@reach/electron",
      "version": "0.1.0",
      "license": "MIT",
      "dependencies": {
        "@reach/core": "*"
      },
      "devDependencies": {
        "@types/node": "^20.10.0",
        "typescript": "^5.3.3"
      }
    },
    "packages/mcp-client": {
      "name": "@reach/mcp-client",
      "version": "0.1.0",
      "license": "MIT",
      "dependencies": {
        "@reach/core": "*"
      },
      "devDependencies": {
        "@types/node": "^20.10.0",
        "typescript": "^5.3.3"
      }
    },
    "packages/memory": {
      "name": "@reach/memory",
      "version": "0.1.0",
      "license": "MIT",
      "dependencies": {
        "@reach/core": "*"
      },
      "devDependencies": {
        "@types/node": "^20.10.0",
        "typescript": "^5.3.3"
      }
    },
    "packages/voice": {
      "name": "@reach/voice",
      "version": "0.1.0",
      "license": "MIT",
      "dependencies": {
        "@reach/core": "*"
      },
      "devDependencies": {
        "@types/node": "^20.10.0",
        "typescript": "^5.3.3"
      }
    }
  }
}
